{
    "_readme": [
        "This file locks the dependencies of your project to a known state",
        "Read more about it at https://getcomposer.org/doc/01-basic-usage.md#composer-lock-the-lock-file",
        "This file is @generated automatically"
    ],
    "hash": "ae6f2ee896dcccd56cff536c09284628",
    "packages": [
        {
            "name": "composer/installers",
            "version": "dev-master",
            "source": {
                "type": "git",
                "url": "https://github.com/composer/installers.git",
                "reference": "e420b539e8d7b38b7c6f3f99dccc0386bd3dfe41"
            },
            "dist": {
                "type": "zip",
                "url": "https://api.github.com/repos/composer/installers/zipball/e420b539e8d7b38b7c6f3f99dccc0386bd3dfe41",
                "reference": "e420b539e8d7b38b7c6f3f99dccc0386bd3dfe41",
                "shasum": ""
            },
            "replace": {
                "roundcube/plugin-installer": "*",
                "shama/baton": "*"
            },
            "require-dev": {
                "composer/composer": "1.0.*@dev",
                "phpunit/phpunit": "4.1.*"
            },
            "type": "composer-installer",
            "extra": {
                "class": "Composer\\Installers\\Installer",
                "branch-alias": {
                    "dev-master": "1.0-dev"
                }
            },
            "autoload": {
                "psr-0": {
                    "Composer\\Installers\\": "src/"
                }
            },
            "notification-url": "https://packagist.org/downloads/",
            "license": [
                "MIT"
            ],
            "authors": [
                {
                    "name": "Kyle Robinson Young",
                    "email": "kyle@dontkry.com",
                    "homepage": "https://github.com/shama"
                }
            ],
            "description": "A multi-framework Composer library installer",
            "homepage": "http://composer.github.com/installers/",
            "keywords": [
                "Craft",
                "Dolibarr",
                "Hurad",
                "MODX Evo",
                "OXID",
                "SMF",
                "Thelia",
                "WolfCMS",
                "agl",
                "aimeos",
                "annotatecms",
                "bitrix",
                "cakephp",
                "chef",
                "codeigniter",
                "concrete5",
                "croogo",
                "dokuwiki",
                "drupal",
                "elgg",
                "fuelphp",
                "grav",
                "installer",
                "joomla",
                "kohana",
                "laravel",
                "lithium",
                "magento",
                "mako",
                "mediawiki",
                "modulework",
                "moodle",
                "phpbb",
                "piwik",
                "ppi",
                "puppet",
                "roundcube",
                "shopware",
                "silverstripe",
                "symfony",
                "typo3",
                "wordpress",
                "zend",
                "zikula"
            ],
            "time": "2015-06-13 15:30:38"
        },
        {
            "name": "fancyguy/webroot-installer",
            "version": "1.0.0",
            "source": {
                "type": "git",
                "url": "https://github.com/fancyguy/webroot-installer.git",
                "reference": "4888a3dad9ab3b3da505a149230be0ec2ab837f4"
            },
            "dist": {
                "type": "zip",
                "url": "https://api.github.com/repos/fancyguy/webroot-installer/zipball/4888a3dad9ab3b3da505a149230be0ec2ab837f4",
                "reference": "4888a3dad9ab3b3da505a149230be0ec2ab837f4",
                "shasum": ""
            },
            "require-dev": {
                "composer/composer": "1.0.*@dev",
                "phpunit/phpunit": "3.7.*"
            },
            "type": "composer-installer",
            "extra": {
                "class": "FancyGuy\\Composer\\WebrootInstaller"
            },
            "autoload": {
                "psr-0": {
                    "FancyGuy\\Composer\\": "src/"
                }
            },
            "notification-url": "https://packagist.org/downloads/",
            "license": [
                "BSD-3-Clause"
            ],
            "authors": [
                {
                    "name": "Steve Buzonas",
                    "email": "steve@fancyguy.com",
                    "homepage": "http://www.stevebuzonas.com"
                }
            ],
            "description": "A composer installer for libraries that live in an application webroot.",
            "homepage": "http://fancyguy.github.com/webroot-installer/",
            "time": "2013-01-29 22:51:45"
        },
        {
            "name": "simple/simple-child",
            "version": "dev-master",
            "source": {
                "type": "git",
                "url": "https://github.com/kiriaze/simple-child.git",
                "reference": "471f6c83ff51f040f8d44ad928e3bf65881c959c"
            },
            "dist": {
                "type": "zip",
                "url": "https://api.github.com/repos/kiriaze/simple-child/zipball/471f6c83ff51f040f8d44ad928e3bf65881c959c",
                "reference": "471f6c83ff51f040f8d44ad928e3bf65881c959c",
                "shasum": ""
            },
            "type": "wordpress-theme",
            "authors": [
                {
                    "name": "Constantine Kiriaze",
                    "email": "hello@getsimple.io",
                    "homepage": "http://getsimple.io"
                }
            ],
            "description": "Simple Child theme description",
            "homepage": "http://getsimple.io",
            "support": {
                "source": "https://github.com/kiriaze/simple-child/tree/master",
                "issues": "https://github.com/kiriaze/simple-child/issues"
            },
            "time": "2015-02-10 23:04:44"
        },
        {
            "name": "simple/simple-framework",
            "version": "dev-master",
            "source": {
                "type": "git",
                "url": "https://github.com/kiriaze/simple-framework.git",
                "reference": "73004823aff632bda608132d821bd7bacf84b996"
            },
            "dist": {
                "type": "zip",
                "url": "https://api.github.com/repos/kiriaze/simple-framework/zipball/73004823aff632bda608132d821bd7bacf84b996",
                "reference": "73004823aff632bda608132d821bd7bacf84b996",
                "shasum": ""
            },
            "type": "wordpress-theme",
            "authors": [
                {
                    "name": "Constantine Kiriaze",
                    "email": "hello@getsimple.io",
                    "homepage": "http://getsimple.io"
                }
            ],
            "description": "Simple Framework description",
            "homepage": "http://getsimple.io",
            "support": {
                "source": "https://github.com/kiriaze/simple-framework/tree/master",
                "issues": "https://github.com/kiriaze/simple-framework/issues"
            },
            "time": "2015-01-07 02:03:45"
        },
        {
            "name": "simple/simple-multi-cpts",
            "version": "dev-master",
            "source": {
                "type": "git",
                "url": "https://github.com/kiriaze/simple-multi-cpts.git",
                "reference": "04b500cf2ef89a1880ac28192546f3651c789921"
            },
            "dist": {
                "type": "zip",
                "url": "https://api.github.com/repos/kiriaze/simple-multi-cpts/zipball/04b500cf2ef89a1880ac28192546f3651c789921",
                "reference": "04b500cf2ef89a1880ac28192546f3651c789921",
                "shasum": ""
            },
            "type": "wordpress-plugin",
            "authors": [
                {
                    "name": "Constantine Kiriaze",
                    "email": "hello@getsimple.io",
                    "homepage": "http://getsimple.io"
                }
            ],
            "description": "WordPress Plugin description",
            "homepage": "http://getsimple.io",
            "support": {
                "source": "https://github.com/kiriaze/simple-multi-cpts/tree/master",
                "issues": "https://github.com/kiriaze/simple-multi-cpts/issues"
            },
            "time": "2015-02-10 19:37:42"
        },
        {
            "name": "simple/simple-shortcodes",
            "version": "dev-master",
            "source": {
                "type": "git",
                "url": "https://github.com/kiriaze/simple-shortcodes.git",
                "reference": "9b17897e841ff94aa1b97d6e6e064f22b8c7a09d"
            },
            "dist": {
                "type": "zip",
                "url": "https://api.github.com/repos/kiriaze/simple-shortcodes/zipball/9b17897e841ff94aa1b97d6e6e064f22b8c7a09d",
                "reference": "9b17897e841ff94aa1b97d6e6e064f22b8c7a09d",
                "shasum": ""
            },
            "type": "wordpress-plugin",
            "authors": [
                {
                    "name": "Constantine Kiriaze",
                    "email": "hello@getsimple.io",
                    "homepage": "http://getsimple.io"
                }
            ],
            "description": "WordPress Plugin description",
            "homepage": "http://getsimple.io",
            "support": {
                "source": "https://github.com/kiriaze/simple-shortcodes/tree/master",
                "issues": "https://github.com/kiriaze/simple-shortcodes/issues"
            },
            "time": "2014-12-29 19:42:31"
        },
        {
            "name": "wordpress",
            "version": "4.3",
            "dist": {
                "type": "zip",
                "url": "https://github.com/WordPress/WordPress/archive/4.3.zip",
                "reference": null,
                "shasum": null
            },
            "type": "webroot"
        },
        {
            "name": "wpackagist-plugin/all-in-one-wp-security-and-firewall",
            "version": "dev-trunk",
            "source": {
                "type": "svn",
                "url": "http://plugins.svn.wordpress.org/all-in-one-wp-security-and-firewall/",
                "reference": "trunk"
            },
            "dist": {
                "type": "zip",
                "url": "https://downloads.wordpress.org/plugin/all-in-one-wp-security-and-firewall.zip",
                "reference": null,
                "shasum": null
            },
            "require": {
                "composer/installers": "~1.0"
            },
            "type": "wordpress-plugin",
            "homepage": "https://wordpress.org/plugins/all-in-one-wp-security-and-firewall/",
            "time": "2015-08-16 07:10:06"
        },
        {
            "name": "wpackagist-plugin/author-recommended-posts",
            "version": "dev-trunk",
            "source": {
                "type": "svn",
                "url": "http://plugins.svn.wordpress.org/author-recommended-posts/",
                "reference": "trunk"
            },
            "dist": {
                "type": "zip",
                "url": "https://downloads.wordpress.org/plugin/author-recommended-posts.zip",
                "reference": null,
                "shasum": null
            },
            "require": {
                "composer/installers": "~1.0"
            },
            "type": "wordpress-plugin",
            "homepage": "https://wordpress.org/plugins/author-recommended-posts/",
            "time": "2015-01-27 01:17:34"
        },
        {
            "name": "wpackagist-plugin/autoptimize",
            "version": "dev-trunk",
            "source": {
                "type": "svn",
                "url": "http://plugins.svn.wordpress.org/autoptimize/",
                "reference": "trunk"
            },
            "dist": {
                "type": "zip",
                "url": "https://downloads.wordpress.org/plugin/autoptimize.zip",
                "reference": null,
                "shasum": null
            },
            "require": {
                "composer/installers": "~1.0"
            },
            "type": "wordpress-plugin",
            "homepage": "https://wordpress.org/plugins/autoptimize/",
            "time": "2015-07-25 11:40:56"
        },
        {
            "name": "wpackagist-plugin/backwpup",
            "version": "dev-trunk",
            "source": {
                "type": "svn",
                "url": "http://plugins.svn.wordpress.org/backwpup/",
                "reference": "trunk"
            },
            "dist": {
                "type": "zip",
                "url": "https://downloads.wordpress.org/plugin/backwpup.zip",
                "reference": null,
                "shasum": null
            },
            "require": {
                "composer/installers": "~1.0"
            },
            "type": "wordpress-plugin",
            "homepage": "https://wordpress.org/plugins/backwpup/",
            "time": "2015-04-24 07:57:17"
        },
        {
            "name": "wpackagist-plugin/broken-link-checker",
            "version": "dev-trunk",
            "source": {
                "type": "svn",
                "url": "http://plugins.svn.wordpress.org/broken-link-checker/",
                "reference": "trunk"
            },
            "dist": {
                "type": "zip",
                "url": "https://downloads.wordpress.org/plugin/broken-link-checker.zip",
                "reference": null,
                "shasum": null
            },
            "require": {
                "composer/installers": "~1.0"
            },
            "type": "wordpress-plugin",
            "homepage": "https://wordpress.org/plugins/broken-link-checker/",
            "time": "2015-08-05 10:27:31"
        },
        {
            "name": "wpackagist-plugin/bulk-content-creator",
            "version": "dev-trunk",
            "source": {
                "type": "svn",
                "url": "http://plugins.svn.wordpress.org/bulk-content-creator/",
                "reference": "trunk"
            },
            "dist": {
                "type": "zip",
                "url": "https://downloads.wordpress.org/plugin/bulk-content-creator.zip",
                "reference": null,
                "shasum": null
            },
            "require": {
                "composer/installers": "~1.0"
            },
            "type": "wordpress-plugin",
            "homepage": "https://wordpress.org/plugins/bulk-content-creator/",
            "time": "2014-01-13 14:05:30"
        },
        {
            "name": "wpackagist-plugin/bulletproof-security",
            "version": "dev-trunk",
            "source": {
                "type": "svn",
                "url": "http://plugins.svn.wordpress.org/bulletproof-security/",
                "reference": "trunk"
            },
            "dist": {
                "type": "zip",
                "url": "https://downloads.wordpress.org/plugin/bulletproof-security.zip",
                "reference": null,
                "shasum": null
            },
            "require": {
                "composer/installers": "~1.0"
            },
            "type": "wordpress-plugin",
            "homepage": "https://wordpress.org/plugins/bulletproof-security/",
            "time": "2015-08-18 01:13:05"
        },
        {
            "name": "wpackagist-plugin/category-checklist-tree",
            "version": "dev-trunk",
            "source": {
                "type": "svn",
                "url": "http://plugins.svn.wordpress.org/category-checklist-tree/",
                "reference": "trunk"
            },
            "dist": {
                "type": "zip",
                "url": "https://downloads.wordpress.org/plugin/category-checklist-tree.zip",
                "reference": null,
                "shasum": null
            },
            "require": {
                "composer/installers": "~1.0"
            },
            "type": "wordpress-plugin",
            "homepage": "https://wordpress.org/plugins/category-checklist-tree/",
            "time": "2013-11-11 18:28:02"
        },
        {
            "name": "wpackagist-plugin/custom-post-type-permalinks",
            "version": "dev-trunk",
            "source": {
                "type": "svn",
                "url": "http://plugins.svn.wordpress.org/custom-post-type-permalinks/",
                "reference": "trunk"
            },
            "dist": {
                "type": "zip",
                "url": "https://downloads.wordpress.org/plugin/custom-post-type-permalinks.zip",
                "reference": null,
                "shasum": null
            },
            "require": {
                "composer/installers": "~1.0"
            },
            "type": "wordpress-plugin",
            "homepage": "https://wordpress.org/plugins/custom-post-type-permalinks/",
            "time": "2015-05-07 03:26:26"
        },
        {
            "name": "wpackagist-plugin/demo-data-creator",
            "version": "dev-trunk",
            "source": {
                "type": "svn",
                "url": "http://plugins.svn.wordpress.org/demo-data-creator/",
                "reference": "trunk"
            },
            "dist": {
                "type": "zip",
                "url": "https://downloads.wordpress.org/plugin/demo-data-creator.zip",
                "reference": null,
                "shasum": null
            },
            "require": {
                "composer/installers": "~1.0"
            },
            "type": "wordpress-plugin",
            "homepage": "https://wordpress.org/plugins/demo-data-creator/",
            "time": "2015-04-20 21:53:46"
        },
        {
            "name": "wpackagist-plugin/disqus-comment-system",
            "version": "dev-trunk",
            "source": {
                "type": "svn",
                "url": "http://plugins.svn.wordpress.org/disqus-comment-system/",
                "reference": "trunk"
            },
            "dist": {
                "type": "zip",
                "url": "https://downloads.wordpress.org/plugin/disqus-comment-system.zip",
                "reference": null,
                "shasum": null
            },
            "require": {
                "composer/installers": "~1.0"
            },
            "type": "wordpress-plugin",
            "homepage": "https://wordpress.org/plugins/disqus-comment-system/",
            "time": "2014-12-09 00:15:49"
        },
        {
            "name": "wpackagist-plugin/duplicate-post",
            "version": "dev-trunk",
            "source": {
                "type": "svn",
                "url": "http://plugins.svn.wordpress.org/duplicate-post/",
                "reference": "trunk"
            },
            "dist": {
                "type": "zip",
                "url": "http://downloads.wordpress.org/plugin/duplicate-post.zip",
                "reference": null,
                "shasum": null
            },
            "require": {
                "composer/installers": "~1.0"
            },
            "type": "wordpress-plugin",
            "homepage": "http://wordpress.org/plugins/duplicate-post/",
            "time": "2014-02-27 10:03:08"
        },
        {
            "name": "wpackagist-plugin/fg-fix-serialized-strings",
            "version": "dev-trunk",
            "source": {
                "type": "svn",
                "url": "http://plugins.svn.wordpress.org/fg-fix-serialized-strings/",
                "reference": "trunk"
            },
            "dist": {
                "type": "zip",
                "url": "http://downloads.wordpress.org/plugin/fg-fix-serialized-strings.zip",
                "reference": null,
                "shasum": null
            },
            "require": {
                "composer/installers": "~1.0"
            },
            "type": "wordpress-plugin",
            "homepage": "http://wordpress.org/plugins/fg-fix-serialized-strings/",
            "time": "2014-02-09 07:05:02"
        },
        {
            "name": "wpackagist-plugin/intuitive-custom-post-order",
            "version": "dev-trunk",
            "source": {
                "type": "svn",
                "url": "http://plugins.svn.wordpress.org/intuitive-custom-post-order/",
                "reference": "trunk"
            },
            "dist": {
                "type": "zip",
                "url": "http://downloads.wordpress.org/plugin/intuitive-custom-post-order.zip",
                "reference": null,
                "shasum": null
            },
            "require": {
                "composer/installers": "~1.0"
            },
            "type": "wordpress-plugin",
            "homepage": "http://wordpress.org/plugins/intuitive-custom-post-order/",
            "time": "2014-04-11 12:57:00"
        },
        {
            "name": "wpackagist-plugin/jc-submenu",
            "version": "dev-trunk",
            "source": {
                "type": "svn",
                "url": "http://plugins.svn.wordpress.org/jc-submenu/",
                "reference": "trunk"
            },
            "dist": {
                "type": "zip",
                "url": "https://downloads.wordpress.org/plugin/jc-submenu.zip",
                "reference": null,
                "shasum": null
            },
            "require": {
                "composer/installers": "~1.0"
            },
            "type": "wordpress-plugin",
            "homepage": "https://wordpress.org/plugins/jc-submenu/",
            "time": "2014-12-09 12:04:05"
        },
        {
            "name": "wpackagist-plugin/limit-login-attempts",
            "version": "dev-trunk",
            "source": {
                "type": "svn",
                "url": "http://plugins.svn.wordpress.org/limit-login-attempts/",
                "reference": "trunk"
            },
            "dist": {
                "type": "zip",
                "url": "http://downloads.wordpress.org/plugin/limit-login-attempts.zip",
                "reference": null,
                "shasum": null
            },
            "require": {
                "composer/installers": "~1.0"
            },
            "type": "wordpress-plugin",
            "homepage": "http://wordpress.org/plugins/limit-login-attempts/",
            "time": "2012-06-01 18:26:09"
        },
        {
            "name": "wpackagist-plugin/page-links-to",
            "version": "dev-trunk",
            "source": {
                "type": "svn",
                "url": "http://plugins.svn.wordpress.org/page-links-to/",
                "reference": "trunk"
            },
            "dist": {
                "type": "zip",
                "url": "https://downloads.wordpress.org/plugin/page-links-to.zip",
                "reference": null,
                "shasum": null
            },
            "require": {
                "composer/installers": "~1.0"
            },
            "type": "wordpress-plugin",
            "homepage": "https://wordpress.org/plugins/page-links-to/",
            "time": "2015-03-12 18:31:06"
        },
        {
            "name": "wpackagist-plugin/password-protected",
            "version": "dev-trunk",
            "source": {
                "type": "svn",
                "url": "http://plugins.svn.wordpress.org/password-protected/",
                "reference": "trunk"
            },
            "dist": {
                "type": "zip",
                "url": "https://downloads.wordpress.org/plugin/password-protected.zip",
                "reference": null,
                "shasum": null
            },
            "require": {
                "composer/installers": "~1.0"
            },
            "type": "wordpress-plugin",
            "homepage": "https://wordpress.org/plugins/password-protected/",
            "time": "2015-07-29 18:01:57"
        },
        {
            "name": "wpackagist-plugin/post-type-switcher",
            "version": "dev-trunk",
            "source": {
                "type": "svn",
                "url": "http://plugins.svn.wordpress.org/post-type-switcher/",
                "reference": "trunk"
            },
            "dist": {
                "type": "zip",
                "url": "https://downloads.wordpress.org/plugin/post-type-switcher.zip",
                "reference": null,
                "shasum": null
            },
            "require": {
                "composer/installers": "~1.0"
            },
            "type": "wordpress-plugin",
            "homepage": "https://wordpress.org/plugins/post-type-switcher/",
            "time": "2015-05-06 12:13:10"
        },
        {
            "name": "wpackagist-plugin/redirection",
            "version": "dev-trunk",
            "source": {
                "type": "svn",
                "url": "http://plugins.svn.wordpress.org/redirection/",
                "reference": "trunk"
            },
            "dist": {
                "type": "zip",
                "url": "https://downloads.wordpress.org/plugin/redirection.zip",
                "reference": null,
                "shasum": null
            },
            "require": {
                "composer/installers": "~1.0"
            },
            "type": "wordpress-plugin",
            "homepage": "https://wordpress.org/plugins/redirection/",
            "time": "2015-06-07 18:58:54"
        },
        {
            "name": "wpackagist-plugin/sucuri-scanner",
            "version": "dev-trunk",
            "source": {
                "type": "svn",
                "url": "http://plugins.svn.wordpress.org/sucuri-scanner/",
                "reference": "trunk"
            },
            "dist": {
                "type": "zip",
                "url": "https://downloads.wordpress.org/plugin/sucuri-scanner.zip",
                "reference": null,
                "shasum": null
            },
            "require": {
                "composer/installers": "~1.0"
            },
            "type": "wordpress-plugin",
            "homepage": "https://wordpress.org/plugins/sucuri-scanner/",
            "time": "2015-08-07 21:15:07"
        },
        {
            "name": "wpackagist-plugin/theme-my-login",
            "version": "dev-trunk",
            "source": {
                "type": "svn",
                "url": "http://plugins.svn.wordpress.org/theme-my-login/",
                "reference": "trunk"
            },
            "dist": {
                "type": "zip",
                "url": "https://downloads.wordpress.org/plugin/theme-my-login.zip",
                "reference": null,
                "shasum": null
            },
            "require": {
                "composer/installers": "~1.0"
            },
            "type": "wordpress-plugin",
            "homepage": "https://wordpress.org/plugins/theme-my-login/",
            "time": "2015-06-07 02:30:15"
        },
        {
            "name": "wpackagist-plugin/wordfence",
            "version": "dev-trunk",
            "source": {
                "type": "svn",
                "url": "http://plugins.svn.wordpress.org/wordfence/",
                "reference": "trunk"
            },
            "dist": {
                "type": "zip",
                "url": "https://downloads.wordpress.org/plugin/wordfence.zip",
                "reference": null,
                "shasum": null
            },
            "require": {
                "composer/installers": "~1.0"
            },
            "type": "wordpress-plugin",
            "homepage": "https://wordpress.org/plugins/wordfence/",
            "time": "2015-08-04 18:55:36"
        },
        {
            "name": "wpackagist-plugin/wordpress-importer",
            "version": "dev-trunk",
            "source": {
                "type": "svn",
                "url": "http://plugins.svn.wordpress.org/wordpress-importer/",
                "reference": "trunk"
            },
            "dist": {
                "type": "zip",
                "url": "http://downloads.wordpress.org/plugin/wordpress-importer.zip",
                "reference": null,
                "shasum": null
            },
            "require": {
                "composer/installers": "~1.0"
            },
            "type": "wordpress-plugin",
            "homepage": "http://wordpress.org/plugins/wordpress-importer/",
            "time": "2014-01-14 20:31:13"
        },
        {
            "name": "wpackagist-plugin/wordpress-seo",
            "version": "dev-trunk",
            "source": {
                "type": "svn",
                "url": "http://plugins.svn.wordpress.org/wordpress-seo/",
                "reference": "trunk"
            },
            "dist": {
                "type": "zip",
                "url": "https://downloads.wordpress.org/plugin/wordpress-seo.zip",
                "reference": null,
                "shasum": null
            },
            "require": {
                "composer/installers": "~1.0"
            },
            "type": "wordpress-plugin",
            "homepage": "https://wordpress.org/plugins/wordpress-seo/",
            "time": "2015-08-06 16:31:36"
        },
        {
            "name": "wpackagist-plugin/wp-super-cache",
            "version": "dev-trunk",
            "source": {
                "type": "svn",
                "url": "http://plugins.svn.wordpress.org/wp-super-cache/",
                "reference": "trunk"
            },
            "dist": {
                "type": "zip",
                "url": "http://downloads.wordpress.org/plugin/wp-super-cache.zip",
                "reference": null,
                "shasum": null
            },
            "require": {
                "composer/installers": "~1.0"
            },
            "type": "wordpress-plugin",
            "homepage": "http://wordpress.org/plugins/wp-super-cache/",
            "time": "2014-07-31 22:09:33"
        }
    ],
    "packages-dev": [
        {
            "name": "wpackagist-plugin/debug-bar",
            "version": "dev-trunk",
            "source": {
                "type": "svn",
                "url": "http://plugins.svn.wordpress.org/debug-bar/",
                "reference": "trunk"
            },
            "dist": {
                "type": "zip",
                "url": "http://downloads.wordpress.org/plugin/debug-bar.zip",
                "reference": null,
                "shasum": null
            },
            "require": {
                "composer/installers": "~1.0"
            },
            "type": "wordpress-plugin",
            "homepage": "http://wordpress.org/plugins/debug-bar/",
            "time": "2013-05-15 13:06:43"
        },
        {
            "name": "wpackagist-plugin/monster-widget",
            "version": "dev-trunk",
            "source": {
                "type": "svn",
                "url": "http://plugins.svn.wordpress.org/monster-widget/",
                "reference": "trunk"
            },
            "dist": {
                "type": "zip",
                "url": "http://downloads.wordpress.org/plugin/monster-widget.zip",
                "reference": null,
                "shasum": null
            },
            "require": {
                "composer/installers": "~1.0"
            },
            "type": "wordpress-plugin",
            "homepage": "http://wordpress.org/plugins/monster-widget/",
            "time": "2013-01-05 18:49:53"
        },
        {
            "name": "wpackagist-plugin/query-monitor",
            "version": "dev-trunk",
            "source": {
                "type": "svn",
                "url": "http://plugins.svn.wordpress.org/query-monitor/",
                "reference": "trunk"
            },
            "dist": {
                "type": "zip",
                "url": "http://downloads.wordpress.org/plugin/query-monitor.zip",
                "reference": null,
                "shasum": null
            },
            "require": {
                "composer/installers": "~1.0"
            },
            "type": "wordpress-plugin",
            "homepage": "http://wordpress.org/plugins/query-monitor/",
            "time": "2014-07-03 14:41:57"
        },
        {
            "name": "wpackagist-plugin/regenerate-thumbnails",
            "version": "dev-trunk",
            "source": {
                "type": "svn",
                "url": "http://plugins.svn.wordpress.org/regenerate-thumbnails/",
                "reference": "trunk"
            },
            "dist": {
                "type": "zip",
                "url": "http://downloads.wordpress.org/plugin/regenerate-thumbnails.zip",
                "reference": null,
                "shasum": null
            },
            "require": {
                "composer/installers": "~1.0"
            },
            "type": "wordpress-plugin",
            "homepage": "http://wordpress.org/plugins/regenerate-thumbnails/",
            "time": "2014-04-01 02:48:53"
        },
        {
            "name": "wpackagist-plugin/rewrite-rules-inspector",
            "version": "dev-trunk",
            "source": {
                "type": "svn",
                "url": "http://plugins.svn.wordpress.org/rewrite-rules-inspector/",
                "reference": "trunk"
            },
            "dist": {
                "type": "zip",
                "url": "http://downloads.wordpress.org/plugin/rewrite-rules-inspector.zip",
                "reference": null,
                "shasum": null
            },
            "require": {
                "composer/installers": "~1.0"
            },
            "type": "wordpress-plugin",
            "homepage": "http://wordpress.org/plugins/rewrite-rules-inspector/",
            "time": "2013-09-24 16:23:25"
        },
        {
            "name": "wpackagist-plugin/user-switching",
            "version": "dev-trunk",
            "source": {
                "type": "svn",
                "url": "http://plugins.svn.wordpress.org/user-switching/",
                "reference": "trunk"
            },
            "dist": {
                "type": "zip",
                "url": "http://downloads.wordpress.org/plugin/user-switching.zip",
                "reference": null,
                "shasum": null
            },
            "require": {
                "composer/installers": "~1.0"
            },
            "type": "wordpress-plugin",
            "homepage": "http://wordpress.org/plugins/user-switching/",
            "time": "2014-05-01 22:40:02"
        },
        {
            "name": "wpackagist-plugin/wordpress-reset",
            "version": "dev-trunk",
            "source": {
                "type": "svn",
                "url": "http://plugins.svn.wordpress.org/wordpress-reset/",
                "reference": "trunk"
            },
            "dist": {
                "type": "zip",
                "url": "https://downloads.wordpress.org/plugin/wordpress-reset.zip",
                "reference": null,
                "shasum": null
            },
            "require": {
                "composer/installers": "~1.0"
            },
            "type": "wordpress-plugin",
            "homepage": "https://wordpress.org/plugins/wordpress-reset/",
            "time": "2013-12-18 16:27:45"
        }
    ],
    "aliases": [],
    "minimum-stability": "dev",
    "stability-flags": [],
    "prefer-stable": false,
    "prefer-lowest": false,
    "platform": [],
    "platform-dev": []
}
